
Microsoft Visual Studio Solution File, Format Version 12.00
# Visual Studio Version 17
VisualStudioVersion = 17.13.35931.197 d17.13
MinimumVisualStudioVersion = 10.0.40219.1
Project("{2150E333-8FDC-42A3-9474-1A3956D46DE8}") = "Core", "Core", "{02EA681E-C7D8-13C7-8484-4AC65E1B71E8}"
EndProject
Project("{FAE04EC0-301F-11D3-BF4B-00C04F79EFBC}") = "MiniETicaret.Domain", "Core\MiniETicaret.Domain\MiniETicaret.Domain.csproj", "{95EFB90E-A1C6-4151-817A-332AF94C7D73}"
EndProject
Project("{FAE04EC0-301F-11D3-BF4B-00C04F79EFBC}") = "MiniETicaret.Application", "Core\MiniETicaret.Application\MiniETicaret.Application.csproj", "{18B578C5-FED7-4C28-BFE3-CFA1A8C0C7A2}"
EndProject
Project("{2150E333-8FDC-42A3-9474-1A3956D46DE8}") = "Infrastructure", "Infrastructure", "{63850842-5636-4D86-9C1E-856CA0B33C4E}"
EndProject
Project("{FAE04EC0-301F-11D3-BF4B-00C04F79EFBC}") = "MiniETicaret.Infrastructure", "Infrastructure\MiniETicaret.Infrastructure\MiniETicaret.Infrastructure.csproj", "{A4278340-0F43-4919-BCAD-83E08A5A968B}"
EndProject
Project("{2150E333-8FDC-42A3-9474-1A3956D46DE8}") = "Presentation", "Presentation", "{ECD0D2B1-CFA6-4AA8-B480-8A5E8FB51DE5}"
EndProject
Project("{FAE04EC0-301F-11D3-BF4B-00C04F79EFBC}") = "MiniETicaret.API", "Presentation\MiniETicaret.API\MiniETicaret.API.csproj", "{18B24514-9653-4BFE-911C-37FD5CBC3BE8}"
EndProject
Project("{2150E333-8FDC-42A3-9474-1A3956D46DE8}") = "Solution Items", "Solution Items", "{8EC462FD-D22E-90A8-E5CE-7E832BA40C5D}"
	ProjectSection(SolutionItems) = preProject
		README.md = README.md
	EndProjectSection
EndProject
Global
	GlobalSection(SolutionConfigurationPlatforms) = preSolution
		Debug|Any CPU = Debug|Any CPU
		Release|Any CPU = Release|Any CPU
	EndGlobalSection
	GlobalSection(ProjectConfigurationPlatforms) = postSolution
		{95EFB90E-A1C6-4151-817A-332AF94C7D73}.Debug|Any CPU.ActiveCfg = Debug|Any CPU
		{95EFB90E-A1C6-4151-817A-332AF94C7D73}.Debug|Any CPU.Build.0 = Debug|Any CPU
		{95EFB90E-A1C6-4151-817A-332AF94C7D73}.Release|Any CPU.ActiveCfg = Release|Any CPU
		{95EFB90E-A1C6-4151-817A-332AF94C7D73}.Release|Any CPU.Build.0 = Release|Any CPU
		{18B578C5-FED7-4C28-BFE3-CFA1A8C0C7A2}.Debug|Any CPU.ActiveCfg = Debug|Any CPU
		{18B578C5-FED7-4C28-BFE3-CFA1A8C0C7A2}.Debug|Any CPU.Build.0 = Debug|Any CPU
		{18B578C5-FED7-4C28-BFE3-CFA1A8C0C7A2}.Release|Any CPU.ActiveCfg = Release|Any CPU
		{18B578C5-FED7-4C28-BFE3-CFA1A8C0C7A2}.Release|Any CPU.Build.0 = Release|Any CPU
		{A4278340-0F43-4919-BCAD-83E08A5A968B}.Debug|Any CPU.ActiveCfg = Debug|Any CPU
		{A4278340-0F43-4919-BCAD-83E08A5A968B}.Debug|Any CPU.Build.0 = Debug|Any CPU
		{A4278340-0F43-4919-BCAD-83E08A5A968B}.Release|Any CPU.ActiveCfg = Release|Any CPU
		{A4278340-0F43-4919-BCAD-83E08A5A968B}.Release|Any CPU.Build.0 = Release|Any CPU
		{18B24514-9653-4BFE-911C-37FD5CBC3BE8}.Debug|Any CPU.ActiveCfg = Debug|Any CPU
		{18B24514-9653-4BFE-911C-37FD5CBC3BE8}.Debug|Any CPU.Build.0 = Debug|Any CPU
		{18B24514-9653-4BFE-911C-37FD5CBC3BE8}.Release|Any CPU.ActiveCfg = Release|Any CPU
		{18B24514-9653-4BFE-911C-37FD5CBC3BE8}.Release|Any CPU.Build.0 = Release|Any CPU
	EndGlobalSection
	GlobalSection(SolutionProperties) = preSolution
		HideSolutionNode = FALSE
	EndGlobalSection
	GlobalSection(NestedProjects) = preSolution
		{95EFB90E-A1C6-4151-817A-332AF94C7D73} = {02EA681E-C7D8-13C7-8484-4AC65E1B71E8}
		{18B578C5-FED7-4C28-BFE3-CFA1A8C0C7A2} = {02EA681E-C7D8-13C7-8484-4AC65E1B71E8}
		{A4278340-0F43-4919-BCAD-83E08A5A968B} = {63850842-5636-4D86-9C1E-856CA0B33C4E}
		{18B24514-9653-4BFE-911C-37FD5CBC3BE8} = {ECD0D2B1-CFA6-4AA8-B480-8A5E8FB51DE5}
	EndGlobalSection
	GlobalSection(ExtensibilityGlobals) = postSolution
		SolutionGuid = {D730913C-4C43-4D49-8F9F-D59C4421D9F0}
	EndGlobalSection
EndGlobal
